
Microsoft Visual Studio Solution File, Format Version 12.00
# Visual Studio Version 17
VisualStudioVersion = 17.13.36105.23 d17.13
MinimumVisualStudioVersion = 10.0.40219.1
Project("{FAE04EC0-301F-11D3-BF4B-00C04F79EFBC}") = "Restorator.Domain", "Restorator.Domain\Restorator.Domain.csproj", "{C3B1D538-A04B-B946-F2D5-E94B596809E0}"
EndProject
Project("{FAE04EC0-301F-11D3-BF4B-00C04F79EFBC}") = "Restorator.Application", "Restorator.Application\Restorator.Application.csproj", "{4B724BB1-B684-00CD-8972-5F364EA6A25B}"
EndProject
Project("{FAE04EC0-301F-11D3-BF4B-00C04F79EFBC}") = "Restorator.Mail", "Restorator.Mail\Restorator.Mail.csproj", "{7D2323CA-96FC-7A68-3EB2-776D67C1493C}"
EndProject
Project("{FAE04EC0-301F-11D3-BF4B-00C04F79EFBC}") = "Restorator.Seeder", "Restorator.Seeder\Restorator.Seeder.csproj", "{52C52C61-F798-396E-0F1A-D89FF6AE2D56}"
EndProject
Project("{FAE04EC0-301F-11D3-BF4B-00C04F79EFBC}") = "Restorator.DataAccess", "Restorator.DataAccess\Restorator.DataAccess.csproj", "{8AD36C6D-62DB-E3DB-64D9-1AB7E4CACE9C}"
EndProject
Project("{FAE04EC0-301F-11D3-BF4B-00C04F79EFBC}") = "Restorator.API", "Restorator.API\Restorator.API.csproj", "{4274544B-C50F-213C-8226-189B55E0F5B8}"
EndProject
Project("{2150E333-8FDC-42A3-9474-1A3956D46DE8}") = "Элементы решения", "Элементы решения", "{754FC069-D67B-A9D7-50A1-8D1CA196D8F1}"
	ProjectSection(SolutionItems) = preProject
		docker-compose.yml = docker-compose.yml
		Dockerfile = Dockerfile
	EndProjectSection
EndProject
Global
	GlobalSection(SolutionConfigurationPlatforms) = preSolution
		COLLEGE_DEBUG|Any CPU = COLLEGE_DEBUG|Any CPU
		CollegeDebug|Any CPU = CollegeDebug|Any CPU
		Debug|Any CPU = Debug|Any CPU
		HOME_DEBUG|Any CPU = HOME_DEBUG|Any CPU
		HomeDebug|Any CPU = HomeDebug|Any CPU
		Release|Any CPU = Release|Any CPU
	EndGlobalSection
	GlobalSection(ProjectConfigurationPlatforms) = postSolution
		{C3B1D538-A04B-B946-F2D5-E94B596809E0}.COLLEGE_DEBUG|Any CPU.ActiveCfg = COLLEGE_DEBUG|Any CPU
		{C3B1D538-A04B-B946-F2D5-E94B596809E0}.COLLEGE_DEBUG|Any CPU.Build.0 = COLLEGE_DEBUG|Any CPU
		{C3B1D538-A04B-B946-F2D5-E94B596809E0}.CollegeDebug|Any CPU.ActiveCfg = CollegeDebug|Any CPU
		{C3B1D538-A04B-B946-F2D5-E94B596809E0}.CollegeDebug|Any CPU.Build.0 = CollegeDebug|Any CPU
		{C3B1D538-A04B-B946-F2D5-E94B596809E0}.Debug|Any CPU.ActiveCfg = Debug|Any CPU
		{C3B1D538-A04B-B946-F2D5-E94B596809E0}.Debug|Any CPU.Build.0 = Debug|Any CPU
		{C3B1D538-A04B-B946-F2D5-E94B596809E0}.HOME_DEBUG|Any CPU.ActiveCfg = HOME_DEBUG|Any CPU
		{C3B1D538-A04B-B946-F2D5-E94B596809E0}.HOME_DEBUG|Any CPU.Build.0 = HOME_DEBUG|Any CPU
		{C3B1D538-A04B-B946-F2D5-E94B596809E0}.HomeDebug|Any CPU.ActiveCfg = HomeDebug|Any CPU
		{C3B1D538-A04B-B946-F2D5-E94B596809E0}.HomeDebug|Any CPU.Build.0 = HomeDebug|Any CPU
		{C3B1D538-A04B-B946-F2D5-E94B596809E0}.Release|Any CPU.ActiveCfg = Release|Any CPU
		{C3B1D538-A04B-B946-F2D5-E94B596809E0}.Release|Any CPU.Build.0 = Release|Any CPU
		{4B724BB1-B684-00CD-8972-5F364EA6A25B}.COLLEGE_DEBUG|Any CPU.ActiveCfg = Debug|Any CPU
		{4B724BB1-B684-00CD-8972-5F364EA6A25B}.COLLEGE_DEBUG|Any CPU.Build.0 = Debug|Any CPU
		{4B724BB1-B684-00CD-8972-5F364EA6A25B}.CollegeDebug|Any CPU.ActiveCfg = Debug|Any CPU
		{4B724BB1-B684-00CD-8972-5F364EA6A25B}.CollegeDebug|Any CPU.Build.0 = Debug|Any CPU
		{4B724BB1-B684-00CD-8972-5F364EA6A25B}.Debug|Any CPU.ActiveCfg = Debug|Any CPU
		{4B724BB1-B684-00CD-8972-5F364EA6A25B}.Debug|Any CPU.Build.0 = Debug|Any CPU
		{4B724BB1-B684-00CD-8972-5F364EA6A25B}.HOME_DEBUG|Any CPU.ActiveCfg = Debug|Any CPU
		{4B724BB1-B684-00CD-8972-5F364EA6A25B}.HOME_DEBUG|Any CPU.Build.0 = Debug|Any CPU
		{4B724BB1-B684-00CD-8972-5F364EA6A25B}.HomeDebug|Any CPU.ActiveCfg = Debug|Any CPU
		{4B724BB1-B684-00CD-8972-5F364EA6A25B}.HomeDebug|Any CPU.Build.0 = Debug|Any CPU
		{4B724BB1-B684-00CD-8972-5F364EA6A25B}.Release|Any CPU.ActiveCfg = Release|Any CPU
		{4B724BB1-B684-00CD-8972-5F364EA6A25B}.Release|Any CPU.Build.0 = Release|Any CPU
		{7D2323CA-96FC-7A68-3EB2-776D67C1493C}.COLLEGE_DEBUG|Any CPU.ActiveCfg = Debug|Any CPU
		{7D2323CA-96FC-7A68-3EB2-776D67C1493C}.COLLEGE_DEBUG|Any CPU.Build.0 = Debug|Any CPU
		{7D2323CA-96FC-7A68-3EB2-776D67C1493C}.CollegeDebug|Any CPU.ActiveCfg = Debug|Any CPU
		{7D2323CA-96FC-7A68-3EB2-776D67C1493C}.CollegeDebug|Any CPU.Build.0 = Debug|Any CPU
		{7D2323CA-96FC-7A68-3EB2-776D67C1493C}.Debug|Any CPU.ActiveCfg = Debug|Any CPU
		{7D2323CA-96FC-7A68-3EB2-776D67C1493C}.Debug|Any CPU.Build.0 = Debug|Any CPU
		{7D2323CA-96FC-7A68-3EB2-776D67C1493C}.HOME_DEBUG|Any CPU.ActiveCfg = Debug|Any CPU
		{7D2323CA-96FC-7A68-3EB2-776D67C1493C}.HOME_DEBUG|Any CPU.Build.0 = Debug|Any CPU
		{7D2323CA-96FC-7A68-3EB2-776D67C1493C}.HomeDebug|Any CPU.ActiveCfg = Debug|Any CPU
		{7D2323CA-96FC-7A68-3EB2-776D67C1493C}.HomeDebug|Any CPU.Build.0 = Debug|Any CPU
		{7D2323CA-96FC-7A68-3EB2-776D67C1493C}.Release|Any CPU.ActiveCfg = Release|Any CPU
		{7D2323CA-96FC-7A68-3EB2-776D67C1493C}.Release|Any CPU.Build.0 = Release|Any CPU
		{52C52C61-F798-396E-0F1A-D89FF6AE2D56}.COLLEGE_DEBUG|Any CPU.ActiveCfg = Debug|Any CPU
		{52C52C61-F798-396E-0F1A-D89FF6AE2D56}.COLLEGE_DEBUG|Any CPU.Build.0 = Debug|Any CPU
		{52C52C61-F798-396E-0F1A-D89FF6AE2D56}.CollegeDebug|Any CPU.ActiveCfg = Debug|Any CPU
		{52C52C61-F798-396E-0F1A-D89FF6AE2D56}.CollegeDebug|Any CPU.Build.0 = Debug|Any CPU
		{52C52C61-F798-396E-0F1A-D89FF6AE2D56}.Debug|Any CPU.ActiveCfg = Debug|Any CPU
		{52C52C61-F798-396E-0F1A-D89FF6AE2D56}.Debug|Any CPU.Build.0 = Debug|Any CPU
		{52C52C61-F798-396E-0F1A-D89FF6AE2D56}.HOME_DEBUG|Any CPU.ActiveCfg = Debug|Any CPU
		{52C52C61-F798-396E-0F1A-D89FF6AE2D56}.HOME_DEBUG|Any CPU.Build.0 = Debug|Any CPU
		{52C52C61-F798-396E-0F1A-D89FF6AE2D56}.HomeDebug|Any CPU.ActiveCfg = Debug|Any CPU
		{52C52C61-F798-396E-0F1A-D89FF6AE2D56}.HomeDebug|Any CPU.Build.0 = Debug|Any CPU
		{52C52C61-F798-396E-0F1A-D89FF6AE2D56}.Release|Any CPU.ActiveCfg = Release|Any CPU
		{52C52C61-F798-396E-0F1A-D89FF6AE2D56}.Release|Any CPU.Build.0 = Release|Any CPU
		{8AD36C6D-62DB-E3DB-64D9-1AB7E4CACE9C}.COLLEGE_DEBUG|Any CPU.ActiveCfg = COLLEGE_DEBUG|Any CPU
		{8AD36C6D-62DB-E3DB-64D9-1AB7E4CACE9C}.COLLEGE_DEBUG|Any CPU.Build.0 = COLLEGE_DEBUG|Any CPU
		{8AD36C6D-62DB-E3DB-64D9-1AB7E4CACE9C}.CollegeDebug|Any CPU.ActiveCfg = CollegeDebug|Any CPU
		{8AD36C6D-62DB-E3DB-64D9-1AB7E4CACE9C}.CollegeDebug|Any CPU.Build.0 = CollegeDebug|Any CPU
		{8AD36C6D-62DB-E3DB-64D9-1AB7E4CACE9C}.Debug|Any CPU.ActiveCfg = Debug|Any CPU
		{8AD36C6D-62DB-E3DB-64D9-1AB7E4CACE9C}.Debug|Any CPU.Build.0 = Debug|Any CPU
		{8AD36C6D-62DB-E3DB-64D9-1AB7E4CACE9C}.HOME_DEBUG|Any CPU.ActiveCfg = HOME_DEBUG|Any CPU
		{8AD36C6D-62DB-E3DB-64D9-1AB7E4CACE9C}.HOME_DEBUG|Any CPU.Build.0 = HOME_DEBUG|Any CPU
		{8AD36C6D-62DB-E3DB-64D9-1AB7E4CACE9C}.HomeDebug|Any CPU.ActiveCfg = HomeDebug|Any CPU
		{8AD36C6D-62DB-E3DB-64D9-1AB7E4CACE9C}.HomeDebug|Any CPU.Build.0 = HomeDebug|Any CPU
		{8AD36C6D-62DB-E3DB-64D9-1AB7E4CACE9C}.Release|Any CPU.ActiveCfg = Release|Any CPU
		{8AD36C6D-62DB-E3DB-64D9-1AB7E4CACE9C}.Release|Any CPU.Build.0 = Release|Any CPU
		{4274544B-C50F-213C-8226-189B55E0F5B8}.COLLEGE_DEBUG|Any CPU.ActiveCfg = Debug|Any CPU
		{4274544B-C50F-213C-8226-189B55E0F5B8}.COLLEGE_DEBUG|Any CPU.Build.0 = Debug|Any CPU
		{4274544B-C50F-213C-8226-189B55E0F5B8}.CollegeDebug|Any CPU.ActiveCfg = Debug|Any CPU
		{4274544B-C50F-213C-8226-189B55E0F5B8}.CollegeDebug|Any CPU.Build.0 = Debug|Any CPU
		{4274544B-C50F-213C-8226-189B55E0F5B8}.Debug|Any CPU.ActiveCfg = Debug|Any CPU
		{4274544B-C50F-213C-8226-189B55E0F5B8}.Debug|Any CPU.Build.0 = Debug|Any CPU
		{4274544B-C50F-213C-8226-189B55E0F5B8}.HOME_DEBUG|Any CPU.ActiveCfg = Debug|Any CPU
		{4274544B-C50F-213C-8226-189B55E0F5B8}.HOME_DEBUG|Any CPU.Build.0 = Debug|Any CPU
		{4274544B-C50F-213C-8226-189B55E0F5B8}.HomeDebug|Any CPU.ActiveCfg = Debug|Any CPU
		{4274544B-C50F-213C-8226-189B55E0F5B8}.HomeDebug|Any CPU.Build.0 = Debug|Any CPU
		{4274544B-C50F-213C-8226-189B55E0F5B8}.Release|Any CPU.ActiveCfg = Release|Any CPU
		{4274544B-C50F-213C-8226-189B55E0F5B8}.Release|Any CPU.Build.0 = Release|Any CPU
	EndGlobalSection
	GlobalSection(SolutionProperties) = preSolution
		HideSolutionNode = FALSE
	EndGlobalSection
	GlobalSection(ExtensibilityGlobals) = postSolution
		SolutionGuid = {C6C5E8B3-5022-48A7-9DC1-077DE05AF2C2}
	EndGlobalSection
EndGlobal
